
Microsoft Visual Studio Solution File, Format Version 12.00
# Visual Studio Version 17
VisualStudioVersion = 17.3.32825.248
MinimumVisualStudioVersion = 10.0.40219.1
Project("{8BC9CEB8-8B4A-11D0-8D11-00A0C91BC942}") = "Lab2_Artyom_Balgodarniy_2_group", "Lab2_Artyom_Balgodarniy_2_group\Lab2_Artyom_Balgodarniy_2_group.vcxproj", "{F3FE54B0-D78D-4712-B6F5-3D73CB5676D7}"
EndProject
Global
	GlobalSection(SolutionConfigurationPlatforms) = preSolution
		Debug|x64 = Debug|x64
		Debug|x86 = Debug|x86
		Release|x64 = Release|x64
		Release|x86 = Release|x86
	EndGlobalSection
	GlobalSection(ProjectConfigurationPlatforms) = postSolution
		{F3FE54B0-D78D-4712-B6F5-3D73CB5676D7}.Debug|x64.ActiveCfg = Debug|x64
		{F3FE54B0-D78D-4712-B6F5-3D73CB5676D7}.Debug|x64.Build.0 = Debug|x64
		{F3FE54B0-D78D-4712-B6F5-3D73CB5676D7}.Debug|x86.ActiveCfg = Debug|Win32
		{F3FE54B0-D78D-4712-B6F5-3D73CB5676D7}.Debug|x86.Build.0 = Debug|Win32
		{F3FE54B0-D78D-4712-B6F5-3D73CB5676D7}.Release|x64.ActiveCfg = Release|x64
		{F3FE54B0-D78D-4712-B6F5-3D73CB5676D7}.Release|x64.Build.0 = Release|x64
		{F3FE54B0-D78D-4712-B6F5-3D73CB5676D7}.Release|x86.ActiveCfg = Release|Win32
		{F3FE54B0-D78D-4712-B6F5-3D73CB5676D7}.Release|x86.Build.0 = Release|Win32
	EndGlobalSection
	GlobalSection(SolutionProperties) = preSolution
		HideSolutionNode = FALSE
	EndGlobalSection
	GlobalSection(ExtensibilityGlobals) = postSolution
		SolutionGuid = {B9B04995-175B-4DAF-B094-58AD8F6BE903}
	EndGlobalSection
EndGlobal
